
Microsoft Visual Studio Solution File, Format Version 12.00
# Visual Studio Version 17
VisualStudioVersion = 17.3.32825.248
MinimumVisualStudioVersion = 10.0.40219.1
Project("{9A19103F-16F7-4668-BE54-9A1E7A4F7556}") = "Cart.App", "src\Cart.App\Cart.App.csproj", "{868461AF-552A-481D-987F-C029CF1EA751}"
EndProject
Project("{9A19103F-16F7-4668-BE54-9A1E7A4F7556}") = "Cart.Business", "src\Cart.Business\Cart.Business.csproj", "{07D0F6B6-C40C-477A-9A4F-F79679D440C7}"
EndProject
Project("{FAE04EC0-301F-11D3-BF4B-00C04F79EFBC}") = "Cart.Data", "src\Cart.Data\Cart.Data.csproj", "{7F86028E-1E89-4BFF-87CA-97CECBA4CCD8}"
EndProject
Global
	GlobalSection(SolutionConfigurationPlatforms) = preSolution
		Debug|Any CPU = Debug|Any CPU
		Release|Any CPU = Release|Any CPU
	EndGlobalSection
	GlobalSection(ProjectConfigurationPlatforms) = postSolution
		{868461AF-552A-481D-987F-C029CF1EA751}.Debug|Any CPU.ActiveCfg = Debug|Any CPU
		{868461AF-552A-481D-987F-C029CF1EA751}.Debug|Any CPU.Build.0 = Debug|Any CPU
		{868461AF-552A-481D-987F-C029CF1EA751}.Release|Any CPU.ActiveCfg = Release|Any CPU
		{868461AF-552A-481D-987F-C029CF1EA751}.Release|Any CPU.Build.0 = Release|Any CPU
		{07D0F6B6-C40C-477A-9A4F-F79679D440C7}.Debug|Any CPU.ActiveCfg = Debug|Any CPU
		{07D0F6B6-C40C-477A-9A4F-F79679D440C7}.Debug|Any CPU.Build.0 = Debug|Any CPU
		{07D0F6B6-C40C-477A-9A4F-F79679D440C7}.Release|Any CPU.ActiveCfg = Release|Any CPU
		{07D0F6B6-C40C-477A-9A4F-F79679D440C7}.Release|Any CPU.Build.0 = Release|Any CPU
		{7F86028E-1E89-4BFF-87CA-97CECBA4CCD8}.Debug|Any CPU.ActiveCfg = Debug|Any CPU
		{7F86028E-1E89-4BFF-87CA-97CECBA4CCD8}.Debug|Any CPU.Build.0 = Debug|Any CPU
		{7F86028E-1E89-4BFF-87CA-97CECBA4CCD8}.Release|Any CPU.ActiveCfg = Release|Any CPU
		{7F86028E-1E89-4BFF-87CA-97CECBA4CCD8}.Release|Any CPU.Build.0 = Release|Any CPU
	EndGlobalSection
	GlobalSection(SolutionProperties) = preSolution
		HideSolutionNode = FALSE
	EndGlobalSection
	GlobalSection(ExtensibilityGlobals) = postSolution
		SolutionGuid = {AEDE4B0F-E5D6-4542-AA7A-654B3221DDF9}
	EndGlobalSection
EndGlobal
